
Microsoft Visual Studio Solution File, Format Version 11.00
# Visual Studio 2010
Project("{FAE04EC0-301F-11D3-BF4B-00C04F79EFBC}") = "NumberCruncher", "NumberCruncher\NumberCruncher.csproj", "{922F778D-CB07-4270-8645-58B47D548091}"
EndProject
Global
	GlobalSection(SolutionConfigurationPlatforms) = preSolution
		Debug|iPhoneSimulator = Debug|iPhoneSimulator
		Release|iPhoneSimulator = Release|iPhoneSimulator
		Debug|iPhone = Debug|iPhone
		Release|iPhone = Release|iPhone
		Ad-Hoc|iPhone = Ad-Hoc|iPhone
		AppStore|iPhone = AppStore|iPhone
	EndGlobalSection
	GlobalSection(ProjectConfigurationPlatforms) = postSolution
		{922F778D-CB07-4270-8645-58B47D548091}.Ad-Hoc|iPhone.ActiveCfg = Ad-Hoc|iPhone
		{922F778D-CB07-4270-8645-58B47D548091}.Ad-Hoc|iPhone.Build.0 = Ad-Hoc|iPhone
		{922F778D-CB07-4270-8645-58B47D548091}.AppStore|iPhone.ActiveCfg = AppStore|iPhone
		{922F778D-CB07-4270-8645-58B47D548091}.AppStore|iPhone.Build.0 = AppStore|iPhone
		{922F778D-CB07-4270-8645-58B47D548091}.Debug|iPhone.ActiveCfg = Debug|iPhone
		{922F778D-CB07-4270-8645-58B47D548091}.Debug|iPhone.Build.0 = Debug|iPhone
		{922F778D-CB07-4270-8645-58B47D548091}.Debug|iPhoneSimulator.ActiveCfg = Debug|iPhoneSimulator
		{922F778D-CB07-4270-8645-58B47D548091}.Debug|iPhoneSimulator.Build.0 = Debug|iPhoneSimulator
		{922F778D-CB07-4270-8645-58B47D548091}.Release|iPhone.ActiveCfg = Release|iPhone
		{922F778D-CB07-4270-8645-58B47D548091}.Release|iPhone.Build.0 = Release|iPhone
		{922F778D-CB07-4270-8645-58B47D548091}.Release|iPhoneSimulator.ActiveCfg = Release|iPhoneSimulator
		{922F778D-CB07-4270-8645-58B47D548091}.Release|iPhoneSimulator.Build.0 = Release|iPhoneSimulator
	EndGlobalSection
	GlobalSection(MonoDevelopProperties) = preSolution
		StartupItem = NumberCruncher\NumberCruncher.csproj
	EndGlobalSection
EndGlobal
