
Microsoft Visual Studio Solution File, Format Version 11.00
# Visual Studio 2010
Project("{FAE04EC0-301F-11D3-BF4B-00C04F79EFBC}") = "ProxyTest", "ProxyTest\ProxyTest.csproj", "{55C70025-C71F-49C6-8612-16AE3BED1067}"
EndProject
Global
	GlobalSection(SolutionConfigurationPlatforms) = preSolution
		Debug|iPhoneSimulator = Debug|iPhoneSimulator
		Release|iPhoneSimulator = Release|iPhoneSimulator
		Debug|iPhone = Debug|iPhone
		Release|iPhone = Release|iPhone
		Ad-Hoc|iPhone = Ad-Hoc|iPhone
		AppStore|iPhone = AppStore|iPhone
	EndGlobalSection
	GlobalSection(ProjectConfigurationPlatforms) = postSolution
		{55C70025-C71F-49C6-8612-16AE3BED1067}.Ad-Hoc|iPhone.ActiveCfg = Ad-Hoc|iPhone
		{55C70025-C71F-49C6-8612-16AE3BED1067}.Ad-Hoc|iPhone.Build.0 = Ad-Hoc|iPhone
		{55C70025-C71F-49C6-8612-16AE3BED1067}.AppStore|iPhone.ActiveCfg = AppStore|iPhone
		{55C70025-C71F-49C6-8612-16AE3BED1067}.AppStore|iPhone.Build.0 = AppStore|iPhone
		{55C70025-C71F-49C6-8612-16AE3BED1067}.Debug|iPhone.ActiveCfg = Debug|iPhone
		{55C70025-C71F-49C6-8612-16AE3BED1067}.Debug|iPhone.Build.0 = Debug|iPhone
		{55C70025-C71F-49C6-8612-16AE3BED1067}.Debug|iPhoneSimulator.ActiveCfg = Debug|iPhoneSimulator
		{55C70025-C71F-49C6-8612-16AE3BED1067}.Debug|iPhoneSimulator.Build.0 = Debug|iPhoneSimulator
		{55C70025-C71F-49C6-8612-16AE3BED1067}.Release|iPhone.ActiveCfg = Release|iPhone
		{55C70025-C71F-49C6-8612-16AE3BED1067}.Release|iPhone.Build.0 = Release|iPhone
		{55C70025-C71F-49C6-8612-16AE3BED1067}.Release|iPhoneSimulator.ActiveCfg = Release|iPhoneSimulator
		{55C70025-C71F-49C6-8612-16AE3BED1067}.Release|iPhoneSimulator.Build.0 = Release|iPhoneSimulator
	EndGlobalSection
	GlobalSection(MonoDevelopProperties) = preSolution
		StartupItem = ProxyTest\ProxyTest.csproj
	EndGlobalSection
EndGlobal
